<?xml version="1.0" encoding="utf-8"?>
<Project ToolsVersion="4.0" xmlns="http://schemas.microsoft.com/developer/msbuild/2003">
  <ItemGroup>
    <Filter Include="Source">
      <UniqueIdentifier>{e08b1cd5-166a-4bce-9c87-3c7b993428f2}</UniqueIdentifier>
    </Filter>
    <Filter Include="Include">
      <UniqueIdentifier>{a64ab303-05b5-4655-ae90-a456c4ab8005}</UniqueIdentifier>
    </Filter>
  </ItemGroup>
  <ItemGroup>
    <ClInclude Include="Include\Core.h">
      <Filter>Include</Filter>
    </ClInclude>
    <ClInclude Include="Include\HighPerfTick.h">
      <Filter>Include</Filter>
    </ClInclude>
    <ClInclude Include="Include\Random.h">
      <Filter>Include</Filter>
    </ClInclude>
    <ClInclude Include="Include\StackTrace.h">
      <Filter>Include</Filter>
    </ClInclude>
    <ClInclude Include="Include\TickRate.h">
      <Filter>Include</Filter>
    </ClInclude>
    <ClInclude Include="Include\Grid.h">
      <Filter>Include</Filter>
    </ClInclude>
    <ClInclude Include="Include\String.h">
      <Filter>Include</Filter>
    </ClInclude>
    <ClInclude Include="Include\Window2D.h">
      <Filter>Include</Filter>
    </ClInclude>
    <ClInclude Include="Include\Window2DImpl.h">
      <Filter>Include</Filter>
    </ClInclude>
    <ClInclude Include="Include\WindowBase.h">
      <Filter>Include</Filter>
    </ClInclude>
    <ClInclude Include="Include\WindowBaseImpl.h">
      <Filter>Include</Filter>
    </ClInclude>
    <ClInclude Include="Include\Vector2.h">
      <Filter>Include</Filter>
    </ClInclude>
    <ClInclude Include="Include\VectorImpl.h">
      <Filter>Include</Filter>
    </ClInclude>
    <ClInclude Include="Include\Vector.h">
      <Filter>Include</Filter>
    </ClInclude>
  </ItemGroup>
  <ItemGroup>
    <ClCompile Include="Source\StackTrace.cpp">
      <Filter>Source</Filter>
    </ClCompile>
    <ClCompile Include="Source\TickRate.cpp">
      <Filter>Source</Filter>
    </ClCompile>
    <ClCompile Include="Source\Core.cpp">
      <Filter>Source</Filter>
    </ClCompile>
    <ClCompile Include="Source\HighPerfTick.cpp">
      <Filter>Source</Filter>
    </ClCompile>
    <ClCompile Include="Source\Random.cpp">
      <Filter>Source</Filter>
    </ClCompile>
    <ClCompile Include="Source\Vector2.cpp">
      <Filter>Source</Filter>
    </ClCompile>
    <ClCompile Include="Source\Grid.cpp">
      <Filter>Source</Filter>
    </ClCompile>
    <ClCompile Include="Source\AppMain.cpp">
      <Filter>Source</Filter>
    </ClCompile>
    <ClCompile Include="Source\Window2D.cpp">
      <Filter>Source</Filter>
    </ClCompile>
    <ClCompile Include="Source\Window2DImpl.cpp">
      <Filter>Source</Filter>
    </ClCompile>
    <ClCompile Include="Source\WindowBase.cpp">
      <Filter>Source</Filter>
    </ClCompile>
    <ClCompile Include="Source\WindowBaseImpl.cpp">
      <Filter>Source</Filter>
    </ClCompile>
    <ClCompile Include="Source\String.cpp">
      <Filter>Source</Filter>
    </ClCompile>
    <ClCompile Include="Source\VectorImpl.cpp">
      <Filter>Source</Filter>
    </ClCompile>
    <ClCompile Include="Source\Vector.cpp">
      <Filter>Source</Filter>
    </ClCompile>
  </ItemGroup>
</Project>